
Microsoft Visual Studio Solution File, Format Version 12.00
# Visual Studio 15
VisualStudioVersion = 15.0.27004.2002
MinimumVisualStudioVersion = 10.0.40219.1
Project("{9092AA53-FB77-4645-B42D-1CCCA6BD08BD}") = "AzureExpressApp1", "AzureExpressApp1\AzureExpressApp1.njsproj", "{99F67769-04E2-45D7-BD60-CB0A613DA3E6}"
EndProject
Project("{CC5FD16D-436D-48AD-A40C-5A424C6E3E79}") = "AzureExpressApp1.Azure", "AzureExpressApp1.Azure\AzureExpressApp1.Azure.ccproj", "{DCF11471-678B-48DD-A9AD-2C413535E181}"
EndProject
Project("{9092AA53-FB77-4645-B42D-1CCCA6BD08BD}") = "StockPortalNodeJs", "StockPortal\.demeteorized\StockPortalNodeJs.njsproj", "{2765F263-7E07-4D5F-A8C9-C6800759ABD5}"
EndProject
Global
	GlobalSection(SolutionConfigurationPlatforms) = preSolution
		Debug|Any CPU = Debug|Any CPU
		Release|Any CPU = Release|Any CPU
	EndGlobalSection
	GlobalSection(ProjectConfigurationPlatforms) = postSolution
		{99F67769-04E2-45D7-BD60-CB0A613DA3E6}.Debug|Any CPU.ActiveCfg = Debug|Any CPU
		{99F67769-04E2-45D7-BD60-CB0A613DA3E6}.Debug|Any CPU.Build.0 = Debug|Any CPU
		{99F67769-04E2-45D7-BD60-CB0A613DA3E6}.Release|Any CPU.ActiveCfg = Release|Any CPU
		{99F67769-04E2-45D7-BD60-CB0A613DA3E6}.Release|Any CPU.Build.0 = Release|Any CPU
		{DCF11471-678B-48DD-A9AD-2C413535E181}.Debug|Any CPU.ActiveCfg = Debug|Any CPU
		{DCF11471-678B-48DD-A9AD-2C413535E181}.Debug|Any CPU.Build.0 = Debug|Any CPU
		{DCF11471-678B-48DD-A9AD-2C413535E181}.Release|Any CPU.ActiveCfg = Release|Any CPU
		{DCF11471-678B-48DD-A9AD-2C413535E181}.Release|Any CPU.Build.0 = Release|Any CPU
		{2765F263-7E07-4D5F-A8C9-C6800759ABD5}.Debug|Any CPU.ActiveCfg = Debug|Any CPU
		{2765F263-7E07-4D5F-A8C9-C6800759ABD5}.Debug|Any CPU.Build.0 = Debug|Any CPU
		{2765F263-7E07-4D5F-A8C9-C6800759ABD5}.Release|Any CPU.ActiveCfg = Release|Any CPU
		{2765F263-7E07-4D5F-A8C9-C6800759ABD5}.Release|Any CPU.Build.0 = Release|Any CPU
	EndGlobalSection
	GlobalSection(SolutionProperties) = preSolution
		HideSolutionNode = FALSE
	EndGlobalSection
	GlobalSection(ExtensibilityGlobals) = postSolution
		SolutionGuid = {3C64BA88-10BF-4B32-8989-154F80779C47}
	EndGlobalSection
EndGlobal
